// !$*UTF8*$!// !$*UTF8*$!

{{

	archiveVersion = 1;	archiveVersion = 1;

	classes = {	classes = {

	};	};

	objectVersion = 46;	objectVersion = 54;

	objects = {	objects = {



/* Begin PBXBuildFile section *//* Begin PBXBuildFile section */

		00E356F31AD99517003FC87E /* EduConnectTests.m in Sources */ = {isa = PBXBuildFile; fileRef = 00E356F21AD99517003FC87E /* EduConnectTests.m */; };		0C80B921A6F3F58F76C31292 /* libPods-EduConnect.a in Frameworks */ = {isa = PBXBuildFile; fileRef = 5DCACB8F33CDC322A6C60F78 /* libPods-EduConnect.a */; };

		13B07FBC1A68108700A75B9A /* AppDelegate.mm in Sources */ = {isa = PBXBuildFile; fileRef = 13B07FB01A68108700A75B9A /* AppDelegate.mm */; };		13B07FBF1A68108700A75B9A /* Images.xcassets in Resources */ = {isa = PBXBuildFile; fileRef = 13B07FB51A68108700A75B9A /* Images.xcassets */; };

		13B07FBF1A68108700A75B9A /* Images.xcassets in Resources */ = {isa = PBXBuildFile; fileRef = 13B07FB51A68108700A75B9A /* Images.xcassets */; };		761780ED2CA45674006654EE /* AppDelegate.swift in Sources */ = {isa = PBXBuildFile; fileRef = 761780EC2CA45674006654EE /* AppDelegate.swift */; };

		13B07FC11A68108700A75B9A /* main.m in Sources */ = {isa = PBXBuildFile; fileRef = 13B07FB71A68108700A75B9A /* main.m */; };		81AB9BB82411601600AC10FF /* LaunchScreen.storyboard in Resources */ = {isa = PBXBuildFile; fileRef = 81AB9BB72411601600AC10FF /* LaunchScreen.storyboard */; };

		81AB9BB82411601600AC10FF /* LaunchScreen.storyboard in Resources */ = {isa = PBXBuildFile; fileRef = 81AB9BB72411601600AC10FF /* LaunchScreen.storyboard */; };/* End PBXBuildFile section */

/* End PBXBuildFile section */

/* Begin PBXFileReference section */

/* Begin PBXContainerItemProxy section */		13B07F961A680F5B00A75B9A /* EduConnect.app */ = {isa = PBXFileReference; explicitFileType = wrapper.application; includeInIndex = 0; path = EduConnect.app; sourceTree = BUILT_PRODUCTS_DIR; };

		00E356F41AD99517003FC87E /* PBXContainerItemProxy */ = {		13B07FB51A68108700A75B9A /* Images.xcassets */ = {isa = PBXFileReference; lastKnownFileType = folder.assetcatalog; name = Images.xcassets; path = EduConnect/Images.xcassets; sourceTree = "<group>"; };

			isa = PBXContainerItemProxy;		13B07FB61A68108700A75B9A /* Info.plist */ = {isa = PBXFileReference; fileEncoding = 4; lastKnownFileType = text.plist.xml; name = Info.plist; path = EduConnect/Info.plist; sourceTree = "<group>"; };

			containerPortal = 83CBB9F71A601CBA00E9B192 /* Project object */;		13B07FB81A68108700A75B9A /* PrivacyInfo.xcprivacy */ = {isa = PBXFileReference; fileEncoding = 4; lastKnownFileType = text.plist.xml; name = PrivacyInfo.xcprivacy; path = EduConnect/PrivacyInfo.xcprivacy; sourceTree = "<group>"; };

			proxyType = 1;		3B4392A12AC88292D35C810B /* Pods-EduConnect.debug.xcconfig */ = {isa = PBXFileReference; includeInIndex = 1; lastKnownFileType = text.xcconfig; name = "Pods-EduConnect.debug.xcconfig"; path = "Target Support Files/Pods-EduConnect/Pods-EduConnect.debug.xcconfig"; sourceTree = "<group>"; };

			remoteGlobalIDString = 13B07F861A680F5B00A75B9A;		5709B34CF0A7D63546082F79 /* Pods-EduConnect.release.xcconfig */ = {isa = PBXFileReference; includeInIndex = 1; lastKnownFileType = text.xcconfig; name = "Pods-EduConnect.release.xcconfig"; path = "Target Support Files/Pods-EduConnect/Pods-EduConnect.release.xcconfig"; sourceTree = "<group>"; };

			remoteInfo = EduConnect;		5DCACB8F33CDC322A6C60F78 /* libPods-EduConnect.a */ = {isa = PBXFileReference; explicitFileType = archive.ar; includeInIndex = 0; path = "libPods-EduConnect.a"; sourceTree = BUILT_PRODUCTS_DIR; };

		};		761780EC2CA45674006654EE /* AppDelegate.swift */ = {isa = PBXFileReference; lastKnownFileType = sourcecode.swift; name = AppDelegate.swift; path = EduConnect/AppDelegate.swift; sourceTree = "<group>"; };

/* End PBXContainerItemProxy section */		81AB9BB72411601600AC10FF /* LaunchScreen.storyboard */ = {isa = PBXFileReference; fileEncoding = 4; lastKnownFileType = file.storyboard; name = LaunchScreen.storyboard; path = EduConnect/LaunchScreen.storyboard; sourceTree = "<group>"; };

		ED297162215061F000B7C4FE /* JavaScriptCore.framework */ = {isa = PBXFileReference; lastKnownFileType = wrapper.framework; name = JavaScriptCore.framework; path = System/Library/Frameworks/JavaScriptCore.framework; sourceTree = SDKROOT; };

/* Begin PBXFileReference section *//* End PBXFileReference section */

		00E356EE1AD99517003FC87E /* EduConnectTests.xctest */ = {isa = PBXFileReference; explicitFileType = wrapper.cfbundle; includeInIndex = 0; path = EduConnectTests.xctest; sourceTree = BUILT_PRODUCTS_DIR; };

		00E356F11AD99517003FC87E /* Info.plist */ = {isa = PBXFileReference; lastKnownFileType = text.plist.xml; path = Info.plist; sourceTree = "<group>"; };/* Begin PBXFrameworksBuildPhase section */

		00E356F21AD99517003FC87E /* EduConnectTests.m */ = {isa = PBXFileReference; lastKnownFileType = sourcecode.c.objc; path = EduConnectTests.m; sourceTree = "<group>"; };		13B07F8C1A680F5B00A75B9A /* Frameworks */ = {

		13B07F961A680F5B00A75B9A /* EduConnect.app */ = {isa = PBXFileReference; explicitFileType = wrapper.application; includeInIndex = 0; path = EduConnect.app; sourceTree = BUILT_PRODUCTS_DIR; };			isa = PBXFrameworksBuildPhase;

		13B07FAF1A68108700A75B9A /* AppDelegate.h */ = {isa = PBXFileReference; fileEncoding = 4; lastKnownFileType = sourcecode.c.h; name = AppDelegate.h; path = EduConnect/AppDelegate.h; sourceTree = "<group>"; };			buildActionMask = 2147483647;

		13B07FB01A68108700A75B9A /* AppDelegate.mm */ = {isa = PBXFileReference; fileEncoding = 4; lastKnownFileType = sourcecode.cpp.objcpp; name = AppDelegate.mm; path = EduConnect/AppDelegate.mm; sourceTree = "<group>"; };			files = (

		13B07FB51A68108700A75B9A /* Images.xcassets */ = {isa = PBXFileReference; lastKnownFileType = folder.assetcatalog; name = Images.xcassets; path = EduConnect/Images.xcassets; sourceTree = "<group>"; };				0C80B921A6F3F58F76C31292 /* libPods-EduConnect.a in Frameworks */,

		13B07FB61A68108700A75B9A /* Info.plist */ = {isa = PBXFileReference; fileEncoding = 4; lastKnownFileType = text.plist.xml; name = Info.plist; path = EduConnect/Info.plist; sourceTree = "<group>"; };			);

		13B07FB71A68108700A75B9A /* main.m */ = {isa = PBXFileReference; fileEncoding = 4; lastKnownFileType = sourcecode.c.objc; name = main.m; path = EduConnect/main.m; sourceTree = "<group>"; };			runOnlyForDeploymentPostprocessing = 0;

		81AB9BB72411601600AC10FF /* LaunchScreen.storyboard */ = {isa = PBXFileReference; fileEncoding = 4; lastKnownFileType = file.storyboard; name = LaunchScreen.storyboard; path = EduConnect/LaunchScreen.storyboard; sourceTree = "<group>"; };		};

		ED297162215061F000B7C4FE /* JavaScriptCore.framework */ = {isa = PBXFileReference; lastKnownFileType = wrapper.framework; name = JavaScriptCore.framework; path = System/Library/Frameworks/JavaScriptCore.framework; sourceTree = SDKROOT; };/* End PBXFrameworksBuildPhase section */

/* End PBXFileReference section */

/* Begin PBXGroup section */

/* Begin PBXFrameworksBuildPhase section */		13B07FAE1A68108700A75B9A /* EduConnect */ = {

		00E356EB1AD99517003FC87E /* Frameworks */ = {			isa = PBXGroup;

			isa = PBXFrameworksBuildPhase;			children = (

			buildActionMask = 2147483647;				13B07FB51A68108700A75B9A /* Images.xcassets */,

			files = (				761780EC2CA45674006654EE /* AppDelegate.swift */,

			);				13B07FB61A68108700A75B9A /* Info.plist */,

			runOnlyForDeploymentPostprocessing = 0;				81AB9BB72411601600AC10FF /* LaunchScreen.storyboard */,

		};				13B07FB81A68108700A75B9A /* PrivacyInfo.xcprivacy */,

		13B07F8C1A680F5B00A75B9A /* Frameworks */ = {			);

			isa = PBXFrameworksBuildPhase;			name = EduConnect;

			buildActionMask = 2147483647;			sourceTree = "<group>";

			files = (		};

			);		2D16E6871FA4F8E400B85C8A /* Frameworks */ = {

			runOnlyForDeploymentPostprocessing = 0;			isa = PBXGroup;

		};			children = (

/* End PBXFrameworksBuildPhase section */				ED297162215061F000B7C4FE /* JavaScriptCore.framework */,

				5DCACB8F33CDC322A6C60F78 /* libPods-EduConnect.a */,

/* Begin PBXGroup section */			);

		00E356EF1AD99517003FC87E /* EduConnectTests */ = {			name = Frameworks;

			isa = PBXGroup;			sourceTree = "<group>";

			children = (		};

				00E356F21AD99517003FC87E /* EduConnectTests.m */,		832341AE1AAA6A7D00B99B32 /* Libraries */ = {

				00E356F01AD99517003FC87E /* Supporting Files */,			isa = PBXGroup;

			);			children = (

			path = EduConnectTests;			);

			sourceTree = "<group>";			name = Libraries;

		};			sourceTree = "<group>";

		00E356F01AD99517003FC87E /* Supporting Files */ = {		};

			isa = PBXGroup;		83CBB9F61A601CBA00E9B192 = {

			children = (			isa = PBXGroup;

				00E356F11AD99517003FC87E /* Info.plist */,			children = (

			);				13B07FAE1A68108700A75B9A /* EduConnect */,

			name = "Supporting Files";				832341AE1AAA6A7D00B99B32 /* Libraries */,

			sourceTree = "<group>";				83CBBA001A601CBA00E9B192 /* Products */,

		};				2D16E6871FA4F8E400B85C8A /* Frameworks */,

		13B07FAE1A68108700A75B9A /* EduConnect */ = {				BBD78D7AC51CEA395F1C20DB /* Pods */,

			isa = PBXGroup;			);

			children = (			indentWidth = 2;

				13B07FAF1A68108700A75B9A /* AppDelegate.h */,			sourceTree = "<group>";

				13B07FB01A68108700A75B9A /* AppDelegate.mm */,			tabWidth = 2;

				13B07FB51A68108700A75B9A /* Images.xcassets */,			usesTabs = 0;

				13B07FB61A68108700A75B9A /* Info.plist */,		};

				81AB9BB72411601600AC10FF /* LaunchScreen.storyboard */,		83CBBA001A601CBA00E9B192 /* Products */ = {

				13B07FB71A68108700A75B9A /* main.m */,			isa = PBXGroup;

			);			children = (

			name = EduConnect;				13B07F961A680F5B00A75B9A /* EduConnect.app */,

			sourceTree = "<group>";			);

		};			name = Products;

		2D16E6871FA4F8E400B85C8A /* Frameworks */ = {			sourceTree = "<group>";

			isa = PBXGroup;		};

			children = (		BBD78D7AC51CEA395F1C20DB /* Pods */ = {

				ED297162215061F000B7C4FE /* JavaScriptCore.framework */,			isa = PBXGroup;

			);			children = (

			name = Frameworks;				3B4392A12AC88292D35C810B /* Pods-EduConnect.debug.xcconfig */,

			sourceTree = "<group>";				5709B34CF0A7D63546082F79 /* Pods-EduConnect.release.xcconfig */,

		};			);

		832341AE1AAA6A7D00B99B32 /* Libraries */ = {			path = Pods;

			isa = PBXGroup;			sourceTree = "<group>";

			children = (		};

			);/* End PBXGroup section */

			name = Libraries;

			sourceTree = "<group>";/* Begin PBXNativeTarget section */

		};		13B07F861A680F5B00A75B9A /* EduConnect */ = {

		83CBB9F61A601CBA00E9B192 = {			isa = PBXNativeTarget;

			isa = PBXGroup;			buildConfigurationList = 13B07F931A680F5B00A75B9A /* Build configuration list for PBXNativeTarget "EduConnect" */;

			children = (			buildPhases = (

				13B07FAE1A68108700A75B9A /* EduConnect */,				C38B50BA6285516D6DCD4F65 /* [CP] Check Pods Manifest.lock */,

				832341AE1AAA6A7D00B99B32 /* Libraries */,				13B07F871A680F5B00A75B9A /* Sources */,

				00E356EF1AD99517003FC87E /* EduConnectTests */,				13B07F8C1A680F5B00A75B9A /* Frameworks */,

				83CBBA001A601CBA00E9B192 /* Products */,				13B07F8E1A680F5B00A75B9A /* Resources */,

				2D16E6871FA4F8E400B85C8A /* Frameworks */,				00DD1BFF1BD5951E006B06BC /* Bundle React Native code and images */,

			);				00EEFC60759A1932668264C0 /* [CP] Embed Pods Frameworks */,

			indentWidth = 2;				E235C05ADACE081382539298 /* [CP] Copy Pods Resources */,

			sourceTree = "<group>";			);

			tabWidth = 2;			buildRules = (

			usesTabs = 0;			);

		};			dependencies = (

		83CBBA001A601CBA00E9B192 /* Products */ = {			);

			isa = PBXGroup;			name = EduConnect;

			children = (			productName = EduConnect;

				13B07F961A680F5B00A75B9A /* EduConnect.app */,			productReference = 13B07F961A680F5B00A75B9A /* EduConnect.app */;

				00E356EE1AD99517003FC87E /* EduConnectTests.xctest */,			productType = "com.apple.product-type.application";

			);		};

			name = Products;/* End PBXNativeTarget section */

			sourceTree = "<group>";

		};/* Begin PBXProject section */

/* End PBXGroup section */		83CBB9F71A601CBA00E9B192 /* Project object */ = {

			isa = PBXProject;

/* Begin PBXNativeTarget section */			attributes = {

		00E356ED1AD99517003FC87E /* EduConnectTests */ = {				LastUpgradeCheck = 1210;

			isa = PBXNativeTarget;				TargetAttributes = {

			buildConfigurationList = 00E357021AD99517003FC87E /* Build configuration list for PBXNativeTarget "EduConnectTests" */;					13B07F861A680F5B00A75B9A = {

			buildPhases = (						LastSwiftMigration = 1120;

				00E356EA1AD99517003FC87E /* Sources */,					};

				00E356EB1AD99517003FC87E /* Frameworks */,				};

				00E356EC1AD99517003FC87E /* Resources */,			};

			);			buildConfigurationList = 83CBB9FA1A601CBA00E9B192 /* Build configuration list for PBXProject "EduConnect" */;

			buildRules = (			compatibilityVersion = "Xcode 12.0";

			);			developmentRegion = en;

			dependencies = (			hasScannedForEncodings = 0;

				00E356F51AD99517003FC87E /* PBXTargetDependency */,			knownRegions = (

			);				en,

			name = EduConnectTests;				Base,

			productName = EduConnectTests;			);

			productReference = 00E356EE1AD99517003FC87E /* EduConnectTests.xctest */;			mainGroup = 83CBB9F61A601CBA00E9B192;

			productType = "com.apple.product-type.bundle.unit-test";			productRefGroup = 83CBBA001A601CBA00E9B192 /* Products */;

		};			projectDirPath = "";

		13B07F861A680F5B00A75B9A /* EduConnect */ = {			projectRoot = "";

			isa = PBXNativeTarget;			targets = (

			buildConfigurationList = 13B07F931A680F5B00A75B9A /* Build configuration list for PBXNativeTarget "EduConnect" */;				13B07F861A680F5B00A75B9A /* EduConnect */,

			buildPhases = (			);

				13B07F871A680F5B00A75B9A /* Sources */,		};

				13B07F8C1A680F5B00A75B9A /* Frameworks */,/* End PBXProject section */

				13B07F8E1A680F5B00A75B9A /* Resources */,

			);/* Begin PBXResourcesBuildPhase section */

			buildRules = (		13B07F8E1A680F5B00A75B9A /* Resources */ = {

			);			isa = PBXResourcesBuildPhase;

			dependencies = (			buildActionMask = 2147483647;

			);			files = (

			name = EduConnect;				81AB9BB82411601600AC10FF /* LaunchScreen.storyboard in Resources */,

			productName = EduConnect;				13B07FBF1A68108700A75B9A /* Images.xcassets in Resources */,

			productReference = 13B07F961A680F5B00A75B9A /* EduConnect.app */;			);

			productType = "com.apple.product-type.application";			runOnlyForDeploymentPostprocessing = 0;

		};		};

/* End PBXNativeTarget section *//* End PBXResourcesBuildPhase section */



/* Begin PBXProject section *//* Begin PBXShellScriptBuildPhase section */

		83CBB9F71A601CBA00E9B192 /* Project object */ = {		00DD1BFF1BD5951E006B06BC /* Bundle React Native code and images */ = {

			isa = PBXProject;			isa = PBXShellScriptBuildPhase;

			attributes = {			buildActionMask = 2147483647;

				LastUpgradeCheck = 1210;			files = (

				TargetAttributes = {			);

					00E356ED1AD99517003FC87E = {			inputPaths = (

						CreatedOnToolsVersion = 6.2;				"$(SRCROOT)/.xcode.env.local",

						TestTargetID = 13B07F861A680F5B00A75B9A;				"$(SRCROOT)/.xcode.env",

					};			);

					13B07F861A680F5B00A75B9A = {			name = "Bundle React Native code and images";

						LastSwiftMigration = 1120;			outputPaths = (

					};			);

				};			runOnlyForDeploymentPostprocessing = 0;

			};			shellPath = /bin/sh;

			buildConfigurationList = 83CBB9FA1A601CBA00E9B192 /* Build configuration list for PBXProject "EduConnect" */;			shellScript = "set -e\n\nWITH_ENVIRONMENT=\"$REACT_NATIVE_PATH/scripts/xcode/with-environment.sh\"\nREACT_NATIVE_XCODE=\"$REACT_NATIVE_PATH/scripts/react-native-xcode.sh\"\n\n/bin/sh -c \"$WITH_ENVIRONMENT $REACT_NATIVE_XCODE\"\n";

			compatibilityVersion = "Xcode 12.0";		};

			developmentRegion = en;		00EEFC60759A1932668264C0 /* [CP] Embed Pods Frameworks */ = {

			hasScannedForEncodings = 0;			isa = PBXShellScriptBuildPhase;

			knownRegions = (			buildActionMask = 2147483647;

				en,			files = (

				Base,			);

			);			inputFileListPaths = (

			mainGroup = 83CBB9F61A601CBA00E9B192;				"${PODS_ROOT}/Target Support Files/Pods-EduConnect/Pods-EduConnect-frameworks-${CONFIGURATION}-input-files.xcfilelist",

			productRefGroup = 83CBBA001A601CBA00E9B192 /* Products */;			);

			projectDirPath = "";			name = "[CP] Embed Pods Frameworks";

			projectRoot = "";			outputFileListPaths = (

			targets = (				"${PODS_ROOT}/Target Support Files/Pods-EduConnect/Pods-EduConnect-frameworks-${CONFIGURATION}-output-files.xcfilelist",

				13B07F861A680F5B00A75B9A /* EduConnect */,			);

				00E356ED1AD99517003FC87E /* EduConnectTests */,			runOnlyForDeploymentPostprocessing = 0;

			);			shellPath = /bin/sh;

		};			shellScript = "\"${PODS_ROOT}/Target Support Files/Pods-EduConnect/Pods-EduConnect-frameworks.sh\"\n";

/* End PBXProject section */			showEnvVarsInLog = 0;

		};

/* Begin PBXResourcesBuildPhase section */		C38B50BA6285516D6DCD4F65 /* [CP] Check Pods Manifest.lock */ = {

		00E356EC1AD99517003FC87E /* Resources */ = {			isa = PBXShellScriptBuildPhase;

			isa = PBXResourcesBuildPhase;			buildActionMask = 2147483647;

			buildActionMask = 2147483647;			files = (

			files = (			);

			);			inputFileListPaths = (

			runOnlyForDeploymentPostprocessing = 0;			);

		};			inputPaths = (

		13B07F8E1A680F5B00A75B9A /* Resources */ = {				"${PODS_PODFILE_DIR_PATH}/Podfile.lock",

			isa = PBXResourcesBuildPhase;				"${PODS_ROOT}/Manifest.lock",

			buildActionMask = 2147483647;			);

			files = (			name = "[CP] Check Pods Manifest.lock";

				81AB9BB82411601600AC10FF /* LaunchScreen.storyboard in Resources */,			outputFileListPaths = (

				13B07FBF1A68108700A75B9A /* Images.xcassets in Resources */,			);

			);			outputPaths = (

			runOnlyForDeploymentPostprocessing = 0;				"$(DERIVED_FILE_DIR)/Pods-EduConnect-checkManifestLockResult.txt",

		};			);

/* End PBXResourcesBuildPhase section */			runOnlyForDeploymentPostprocessing = 0;

			shellPath = /bin/sh;

/* Begin PBXSourcesBuildPhase section */			shellScript = "diff \"${PODS_PODFILE_DIR_PATH}/Podfile.lock\" \"${PODS_ROOT}/Manifest.lock\" > /dev/null\nif [ $? != 0 ] ; then\n    # print error to STDERR\n    echo \"error: The sandbox is not in sync with the Podfile.lock. Run 'pod install' or update your CocoaPods installation.\" >&2\n    exit 1\nfi\n# This output is used by Xcode 'outputs' to avoid re-running this script phase.\necho \"SUCCESS\" > \"${SCRIPT_OUTPUT_FILE_0}\"\n";

		00E356EA1AD99517003FC87E /* Sources */ = {			showEnvVarsInLog = 0;

			isa = PBXSourcesBuildPhase;		};

			buildActionMask = 2147483647;		E235C05ADACE081382539298 /* [CP] Copy Pods Resources */ = {

			files = (			isa = PBXShellScriptBuildPhase;

				00E356F31AD99517003FC87E /* EduConnectTests.m in Sources */,			buildActionMask = 2147483647;

			);			files = (

			runOnlyForDeploymentPostprocessing = 0;			);

		};			inputFileListPaths = (

		13B07F871A680F5B00A75B9A /* Sources */ = {				"${PODS_ROOT}/Target Support Files/Pods-EduConnect/Pods-EduConnect-resources-${CONFIGURATION}-input-files.xcfilelist",

			isa = PBXSourcesBuildPhase;			);

			buildActionMask = 2147483647;			name = "[CP] Copy Pods Resources";

			files = (			outputFileListPaths = (

				13B07FBC1A68108700A75B9A /* AppDelegate.mm in Sources */,				"${PODS_ROOT}/Target Support Files/Pods-EduConnect/Pods-EduConnect-resources-${CONFIGURATION}-output-files.xcfilelist",

				13B07FC11A68108700A75B9A /* main.m in Sources */,			);

			);			runOnlyForDeploymentPostprocessing = 0;

			runOnlyForDeploymentPostprocessing = 0;			shellPath = /bin/sh;

		};			shellScript = "\"${PODS_ROOT}/Target Support Files/Pods-EduConnect/Pods-EduConnect-resources.sh\"\n";

/* End PBXSourcesBuildPhase section */			showEnvVarsInLog = 0;

		};

/* Begin PBXTargetDependency section *//* End PBXShellScriptBuildPhase section */

		00E356F51AD99517003FC87E /* PBXTargetDependency */ = {

			isa = PBXTargetDependency;/* Begin PBXSourcesBuildPhase section */

			target = 13B07F861A680F5B00A75B9A /* EduConnect */;		13B07F871A680F5B00A75B9A /* Sources */ = {

			targetProxy = 00E356F41AD99517003FC87E /* PBXContainerItemProxy */;			isa = PBXSourcesBuildPhase;

		};			buildActionMask = 2147483647;

/* End PBXTargetDependency section */			files = (

				761780ED2CA45674006654EE /* AppDelegate.swift in Sources */,

/* Begin XCBuildConfiguration section */			);

		00E356F61AD99517003FC87E /* Debug */ = {			runOnlyForDeploymentPostprocessing = 0;

			isa = XCBuildConfiguration;		};

			buildSettings = {/* End PBXSourcesBuildPhase section */

				BUNDLE_LOADER = "$(TEST_HOST)";

				GCC_PREPROCESSOR_DEFINITIONS = (/* Begin XCBuildConfiguration section */

					"DEBUG=1",		13B07F941A680F5B00A75B9A /* Debug */ = {

					"$(inherited)",			isa = XCBuildConfiguration;

				);			baseConfigurationReference = 3B4392A12AC88292D35C810B /* Pods-EduConnect.debug.xcconfig */;

				INFOPLIST_FILE = EduConnectTests/Info.plist;			buildSettings = {

				IPHONEOS_DEPLOYMENT_TARGET = 13.4;				ASSETCATALOG_COMPILER_APPICON_NAME = AppIcon;

				LD_RUNPATH_SEARCH_PATHS = (				CLANG_ENABLE_MODULES = YES;

					"$(inherited)",				CURRENT_PROJECT_VERSION = 1;

					"@executable_path/Frameworks",				ENABLE_BITCODE = NO;

					"@loader_path/Frameworks",				INFOPLIST_FILE = EduConnect/Info.plist;

				);				IPHONEOS_DEPLOYMENT_TARGET = 13.4;

				OTHER_LDFLAGS = (				LD_RUNPATH_SEARCH_PATHS = (

					"-ObjC",					"$(inherited)",

					"-lc++",					"@executable_path/Frameworks",

					"$(inherited)",				);

				);				MARKETING_VERSION = 1.0;

				PRODUCT_BUNDLE_IDENTIFIER = "org.reactjs.native.example.$(PRODUCT_NAME:rfc1034identifier)";				OTHER_LDFLAGS = (

				PRODUCT_NAME = "$(TARGET_NAME)";					"$(inherited)",

				TEST_HOST = "$(BUILT_PRODUCTS_DIR)/EduConnect.app/EduConnect";					"-ObjC",

			};					"-lc++",

			name = Debug;				);

		};				PRODUCT_BUNDLE_IDENTIFIER = "com.educonnect.app";

		00E356F71AD99517003FC87E /* Release */ = {				PRODUCT_NAME = EduConnect;

			isa = XCBuildConfiguration;				CODE_SIGN_STYLE = Automatic;

			buildSettings = {				DEVELOPMENT_TEAM = "";

				BUNDLE_LOADER = "$(TEST_HOST)";				CODE_SIGN_IDENTITY = "";

				COPY_PHASE_STRIP = YES;				"CODE_SIGN_IDENTITY[sdk=iphoneos*]" = "";

				INFOPLIST_FILE = EduConnectTests/Info.plist;				SWIFT_OPTIMIZATION_LEVEL = "-Onone";

				IPHONEOS_DEPLOYMENT_TARGET = 13.4;				GCC_TREAT_WARNINGS_AS_ERRORS = NO;

				LD_RUNPATH_SEARCH_PATHS = (				SWIFT_VERSION = 5.0;

					"$(inherited)",				VERSIONING_SYSTEM = "apple-generic";

					"@executable_path/Frameworks",			};

					"@loader_path/Frameworks",			name = Debug;

				);		};

				OTHER_LDFLAGS = (		13B07F951A680F5B00A75B9A /* Release */ = {

					"-ObjC",			isa = XCBuildConfiguration;

					"-lc++",			baseConfigurationReference = 5709B34CF0A7D63546082F79 /* Pods-EduConnect.release.xcconfig */;

					"$(inherited)",			buildSettings = {

				);				ASSETCATALOG_COMPILER_APPICON_NAME = AppIcon;

				PRODUCT_BUNDLE_IDENTIFIER = "org.reactjs.native.example.$(PRODUCT_NAME:rfc1034identifier)";				CLANG_ENABLE_MODULES = YES;

				PRODUCT_NAME = "$(TARGET_NAME)";				CURRENT_PROJECT_VERSION = 1;

				TEST_HOST = "$(BUILT_PRODUCTS_DIR)/EduConnect.app/EduConnect";				INFOPLIST_FILE = EduConnect/Info.plist;

			};				IPHONEOS_DEPLOYMENT_TARGET = 13.4;

			name = Release;				LD_RUNPATH_SEARCH_PATHS = (

		};					"$(inherited)",

		13B07F941A680F5B00A75B9A /* Debug */ = {					"@executable_path/Frameworks",

			isa = XCBuildConfiguration;				);

			buildSettings = {				MARKETING_VERSION = 1.0;

				ASSETCATALOG_COMPILER_APPICON_NAME = AppIcon;				OTHER_LDFLAGS = (

				CLANG_ENABLE_MODULES = YES;					"$(inherited)",

				CURRENT_PROJECT_VERSION = 1;					"-ObjC",

				ENABLE_BITCODE = NO;					"-lc++",

				INFOPLIST_FILE = EduConnect/Info.plist;				);

				LD_RUNPATH_SEARCH_PATHS = (				PRODUCT_BUNDLE_IDENTIFIER = "com.educonnect.app";

					"$(inherited)",				PRODUCT_NAME = EduConnect;

					"@executable_path/Frameworks",				CODE_SIGN_STYLE = Automatic;

				);				DEVELOPMENT_TEAM = "";

				MARKETING_VERSION = 1.0;				CODE_SIGN_IDENTITY = "";

				OTHER_LDFLAGS = (				"CODE_SIGN_IDENTITY[sdk=iphoneos*]" = "";

					"$(inherited)",				SWIFT_VERSION = 5.0;

					"-ObjC",				SWIFT_OPTIMIZATION_LEVEL = "-O";

					"-lc++",				GCC_TREAT_WARNINGS_AS_ERRORS = NO;

				);				VERSIONING_SYSTEM = "apple-generic";

				PRODUCT_BUNDLE_IDENTIFIER = "org.reactjs.native.example.EduConnect";			};

				PRODUCT_NAME = EduConnect;			name = Release;

				SWIFT_OPTIMIZATION_LEVEL = "-Onone";		};

				SWIFT_VERSION = 5.0;		83CBBA201A601CBA00E9B192 /* Debug */ = {

				VERSIONING_SYSTEM = "apple-generic";			isa = XCBuildConfiguration;

				IPHONEOS_DEPLOYMENT_TARGET = 13.4;			buildSettings = {

			};				ALWAYS_SEARCH_USER_PATHS = NO;

			name = Debug;				CLANG_ANALYZER_LOCALIZABILITY_NONLOCALIZED = YES;

		};				CLANG_CXX_LANGUAGE_STANDARD = "c++20";

		13B07F951A680F5B00A75B9A /* Release */ = {				CLANG_CXX_LIBRARY = "libc++";

			isa = XCBuildConfiguration;				CLANG_ENABLE_MODULES = YES;

			buildSettings = {				CLANG_ENABLE_OBJC_ARC = YES;

				ASSETCATALOG_COMPILER_APPICON_NAME = AppIcon;				CLANG_WARN_BLOCK_CAPTURE_AUTORELEASING = YES;

				CLANG_ENABLE_MODULES = YES;				CLANG_WARN_BOOL_CONVERSION = YES;

				CURRENT_PROJECT_VERSION = 1;				CLANG_WARN_COMMA = YES;

				INFOPLIST_FILE = EduConnect/Info.plist;				CLANG_WARN_CONSTANT_CONVERSION = YES;

				LD_RUNPATH_SEARCH_PATHS = (				CLANG_WARN_DEPRECATED_OBJC_IMPLEMENTATIONS = YES;

					"$(inherited)",				CLANG_WARN_DIRECT_OBJC_ISA_USAGE = YES_ERROR;

					"@executable_path/Frameworks",				CLANG_WARN_EMPTY_BODY = YES;

				);				CLANG_WARN_ENUM_CONVERSION = YES;

				MARKETING_VERSION = 1.0;				CLANG_WARN_INFINITE_RECURSION = YES;

				OTHER_LDFLAGS = (				CLANG_WARN_INT_CONVERSION = YES;

					"$(inherited)",				CLANG_WARN_NON_LITERAL_NULL_CONVERSION = YES;

					"-ObjC",				CLANG_WARN_OBJC_IMPLICIT_RETAIN_SELF = YES;

					"-lc++",				CLANG_WARN_OBJC_LITERAL_CONVERSION = YES;

				);				CLANG_WARN_OBJC_ROOT_CLASS = YES_ERROR;

				PRODUCT_BUNDLE_IDENTIFIER = "org.reactjs.native.example.EduConnect";				CLANG_WARN_QUOTED_INCLUDE_IN_FRAMEWORK_HEADER = YES;

				PRODUCT_NAME = EduConnect;				CLANG_WARN_RANGE_LOOP_ANALYSIS = YES;

				SWIFT_VERSION = 5.0;				CLANG_WARN_STRICT_PROTOTYPES = YES;

				VERSIONING_SYSTEM = "apple-generic";				CLANG_WARN_SUSPICIOUS_MOVE = YES;

				IPHONEOS_DEPLOYMENT_TARGET = 13.4;				CLANG_WARN_UNREACHABLE_CODE = YES;

			};				CLANG_WARN__DUPLICATE_METHOD_MATCH = YES;

			name = Release;				"CODE_SIGN_IDENTITY[sdk=iphoneos*]" = "iPhone Developer";

		};				COPY_PHASE_STRIP = NO;

		83CBBA201A601CBA00E9B192 /* Debug */ = {				ENABLE_STRICT_OBJC_MSGSEND = YES;

			isa = XCBuildConfiguration;				ENABLE_TESTABILITY = YES;

			buildSettings = {				"EXCLUDED_ARCHS[sdk=iphonesimulator*]" = "";

				ALWAYS_SEARCH_USER_PATHS = NO;				GCC_C_LANGUAGE_STANDARD = gnu99;

				CLANG_ANALYZER_LOCALIZABILITY_NONLOCALIZED = YES;				GCC_DYNAMIC_NO_PIC = NO;

				CLANG_CXX_LANGUAGE_STANDARD = "c++20";				GCC_NO_COMMON_BLOCKS = YES;

				CLANG_CXX_LIBRARY = "libc++";				GCC_OPTIMIZATION_LEVEL = 0;

				CLANG_ENABLE_MODULES = YES;				GCC_TREAT_WARNINGS_AS_ERRORS = NO;

				CLANG_ENABLE_OBJC_ARC = YES;				CLANG_WARN_DEPRECATED_DECLARATIONS = NO;

				CLANG_WARN_BLOCK_CAPTURE_AUTORELEASING = YES;				CLANG_WARN_DOCUMENTATION_COMMENTS = NO;

				CLANG_WARN_BOOL_CONVERSION = YES;				CLANG_WARN_IMPLICIT_CONVERSION = NO;

				CLANG_WARN_COMMA = YES;				GCC_WARN_ABOUT_CONVERSION = NO;

				CLANG_WARN_CONSTANT_CONVERSION = YES;				GCC_WARN_INHIBIT_ALL_WARNINGS = YES;

				CLANG_WARN_DEPRECATED_OBJC_IMPLEMENTATIONS = YES;				WARNING_CFLAGS = "-w";

				CLANG_WARN_DIRECT_OBJC_ISA_USAGE = YES_ERROR;				GCC_PREPROCESSOR_DEFINITIONS = (

				CLANG_WARN_EMPTY_BODY = YES;					"DEBUG=1",

				CLANG_WARN_ENUM_CONVERSION = YES;					"$(inherited)",

				CLANG_WARN_INFINITE_RECURSION = YES;				);

				CLANG_WARN_INT_CONVERSION = YES;				GCC_SYMBOLS_PRIVATE_EXTERN = NO;

				CLANG_WARN_NON_LITERAL_NULL_CONVERSION = YES;				GCC_WARN_64_TO_32_BIT_CONVERSION = YES;

				CLANG_WARN_OBJC_IMPLICIT_RETAIN_SELF = YES;				GCC_WARN_ABOUT_RETURN_TYPE = YES_ERROR;

				CLANG_WARN_OBJC_LITERAL_CONVERSION = YES;				GCC_WARN_UNDECLARED_SELECTOR = YES;

				CLANG_WARN_OBJC_ROOT_CLASS = YES_ERROR;				GCC_WARN_UNINITIALIZED_AUTOS = YES_AGGRESSIVE;

				CLANG_WARN_QUOTED_INCLUDE_IN_FRAMEWORK_HEADER = YES;				GCC_WARN_UNUSED_FUNCTION = YES;

				CLANG_WARN_RANGE_LOOP_ANALYSIS = YES;				GCC_WARN_UNUSED_VARIABLE = YES;

				CLANG_WARN_STRICT_PROTOTYPES = YES;				IPHONEOS_DEPLOYMENT_TARGET = 13.4;

				CLANG_WARN_SUSPICIOUS_MOVE = YES;				LD_RUNPATH_SEARCH_PATHS = (

				CLANG_WARN_UNREACHABLE_CODE = YES;					/usr/lib/swift,

				CLANG_WARN__DUPLICATE_METHOD_MATCH = YES;					"$(inherited)",

				"CODE_SIGN_IDENTITY[sdk=iphoneos*]" = "iPhone Developer";				);

				COPY_PHASE_STRIP = NO;				LIBRARY_SEARCH_PATHS = (

				ENABLE_STRICT_OBJC_MSGSEND = YES;					"\"$(SDKROOT)/usr/lib/swift\"",

				ENABLE_TESTABILITY = YES;					"\"$(TOOLCHAIN_DIR)/usr/lib/swift/$(PLATFORM_NAME)\"",

				"EXCLUDED_ARCHS[sdk=iphonesimulator*]" = "";					"\"$(inherited)\"",

				GCC_C_LANGUAGE_STANDARD = gnu99;				);

				GCC_DYNAMIC_NO_PIC = NO;				MTL_ENABLE_DEBUG_INFO = YES;

				GCC_NO_COMMON_BLOCKS = YES;				ONLY_ACTIVE_ARCH = YES;

				GCC_OPTIMIZATION_LEVEL = 0;				OTHER_CPLUSPLUSFLAGS = (

				GCC_PREPROCESSOR_DEFINITIONS = (					"$(OTHER_CFLAGS)",

					"DEBUG=1",					"-DFOLLY_NO_CONFIG",

					"$(inherited)",					"-DFOLLY_MOBILE=1",

				);					"-DFOLLY_USE_LIBCPP=1",

				GCC_SYMBOLS_PRIVATE_EXTERN = NO;					"-DFOLLY_CFG_NO_COROUTINES=1",

				GCC_WARN_64_TO_32_BIT_CONVERSION = YES;					"-DFOLLY_HAVE_CLOCK_GETTIME=1",

				GCC_WARN_ABOUT_RETURN_TYPE = YES_ERROR;				);

				GCC_WARN_UNDECLARED_SELECTOR = YES;				SDKROOT = iphoneos;

				GCC_WARN_UNINITIALIZED_AUTOS = YES_AGGRESSIVE;			};

				GCC_WARN_UNUSED_FUNCTION = YES;			name = Debug;

				GCC_WARN_UNUSED_VARIABLE = YES;		};

				IPHONEOS_DEPLOYMENT_TARGET = 13.4;		83CBBA211A601CBA00E9B192 /* Release */ = {

				LD_RUNPATH_SEARCH_PATHS = (			isa = XCBuildConfiguration;

					/usr/lib/swift,			buildSettings = {

					"$(inherited)",				ALWAYS_SEARCH_USER_PATHS = NO;

				);				CLANG_ANALYZER_LOCALIZABILITY_NONLOCALIZED = YES;

				LIBRARY_SEARCH_PATHS = (				CLANG_CXX_LANGUAGE_STANDARD = "c++20";

					"\"$(SDKROOT)/usr/lib/swift\"",				CLANG_CXX_LIBRARY = "libc++";

					"\"$(TOOLCHAIN_DIR)/usr/lib/swift/$(PLATFORM_NAME)\"",				CLANG_ENABLE_MODULES = YES;

					"\"$(inherited)\"",				CLANG_ENABLE_OBJC_ARC = YES;

				);				CLANG_WARN_BLOCK_CAPTURE_AUTORELEASING = YES;

				MTL_ENABLE_DEBUG_INFO = YES;				CLANG_WARN_BOOL_CONVERSION = YES;

				ONLY_ACTIVE_ARCH = YES;				CLANG_WARN_COMMA = YES;

				OTHER_CPLUSPLUSFLAGS = (				CLANG_WARN_CONSTANT_CONVERSION = YES;

					"$(OTHER_CFLAGS)",				CLANG_WARN_DEPRECATED_OBJC_IMPLEMENTATIONS = YES;

					"-DFOLLY_NO_CONFIG",				CLANG_WARN_DIRECT_OBJC_ISA_USAGE = YES_ERROR;

					"-DFOLLY_MOBILE=1",				CLANG_WARN_EMPTY_BODY = YES;

					"-DFOLLY_USE_LIBCPP=1",				CLANG_WARN_ENUM_CONVERSION = YES;

					"-DFOLLY_CFG_NO_COROUTINES=1",				CLANG_WARN_INFINITE_RECURSION = YES;

					"-DFOLLY_HAVE_CLOCK_GETTIME=1",				CLANG_WARN_INT_CONVERSION = YES;

				);				CLANG_WARN_NON_LITERAL_NULL_CONVERSION = YES;

				SDKROOT = iphoneos;				CLANG_WARN_OBJC_IMPLICIT_RETAIN_SELF = YES;

			};				CLANG_WARN_OBJC_LITERAL_CONVERSION = YES;

			name = Debug;				CLANG_WARN_OBJC_ROOT_CLASS = YES_ERROR;

		};				CLANG_WARN_QUOTED_INCLUDE_IN_FRAMEWORK_HEADER = YES;

		83CBBA211A601CBA00E9B192 /* Release */ = {				CLANG_WARN_RANGE_LOOP_ANALYSIS = YES;

			isa = XCBuildConfiguration;				CLANG_WARN_STRICT_PROTOTYPES = YES;

			buildSettings = {				CLANG_WARN_SUSPICIOUS_MOVE = YES;

				ALWAYS_SEARCH_USER_PATHS = NO;				CLANG_WARN_UNREACHABLE_CODE = YES;

				CLANG_ANALYZER_LOCALIZABILITY_NONLOCALIZED = YES;				CLANG_WARN__DUPLICATE_METHOD_MATCH = YES;

				CLANG_CXX_LANGUAGE_STANDARD = "c++20";				"CODE_SIGN_IDENTITY[sdk=iphoneos*]" = "iPhone Developer";

				CLANG_CXX_LIBRARY = "libc++";				COPY_PHASE_STRIP = YES;

				CLANG_ENABLE_MODULES = YES;				ENABLE_NS_ASSERTIONS = NO;

				CLANG_ENABLE_OBJC_ARC = YES;				ENABLE_STRICT_OBJC_MSGSEND = YES;

				CLANG_WARN_BLOCK_CAPTURE_AUTORELEASING = YES;				"EXCLUDED_ARCHS[sdk=iphonesimulator*]" = "";

				CLANG_WARN_BOOL_CONVERSION = YES;				GCC_C_LANGUAGE_STANDARD = gnu99;

				CLANG_WARN_COMMA = YES;				GCC_NO_COMMON_BLOCKS = YES;

				CLANG_WARN_CONSTANT_CONVERSION = YES;				GCC_TREAT_WARNINGS_AS_ERRORS = NO;

				CLANG_WARN_DEPRECATED_OBJC_IMPLEMENTATIONS = YES;				CLANG_WARN_DEPRECATED_DECLARATIONS = NO;

				CLANG_WARN_DIRECT_OBJC_ISA_USAGE = YES_ERROR;				CLANG_WARN_DOCUMENTATION_COMMENTS = NO;

				CLANG_WARN_EMPTY_BODY = YES;				CLANG_WARN_IMPLICIT_CONVERSION = NO;

				CLANG_WARN_ENUM_CONVERSION = YES;				GCC_WARN_ABOUT_CONVERSION = NO;

				CLANG_WARN_INFINITE_RECURSION = YES;				GCC_WARN_INHIBIT_ALL_WARNINGS = YES;

				CLANG_WARN_INT_CONVERSION = YES;				WARNING_CFLAGS = "-w";

				CLANG_WARN_NON_LITERAL_NULL_CONVERSION = YES;				GCC_WARN_64_TO_32_BIT_CONVERSION = YES;

				CLANG_WARN_OBJC_IMPLICIT_RETAIN_SELF = YES;				GCC_WARN_ABOUT_RETURN_TYPE = YES_ERROR;

				CLANG_WARN_OBJC_LITERAL_CONVERSION = YES;				GCC_WARN_UNDECLARED_SELECTOR = YES;

				CLANG_WARN_OBJC_ROOT_CLASS = YES_ERROR;				GCC_WARN_UNINITIALIZED_AUTOS = YES_AGGRESSIVE;

				CLANG_WARN_QUOTED_INCLUDE_IN_FRAMEWORK_HEADER = YES;				GCC_WARN_UNUSED_FUNCTION = YES;

				CLANG_WARN_RANGE_LOOP_ANALYSIS = YES;				GCC_WARN_UNUSED_VARIABLE = YES;

				CLANG_WARN_STRICT_PROTOTYPES = YES;				IPHONEOS_DEPLOYMENT_TARGET = 13.4;

				CLANG_WARN_SUSPICIOUS_MOVE = YES;				LD_RUNPATH_SEARCH_PATHS = (

				CLANG_WARN_UNREACHABLE_CODE = YES;					/usr/lib/swift,

				CLANG_WARN__DUPLICATE_METHOD_MATCH = YES;					"$(inherited)",

				"CODE_SIGN_IDENTITY[sdk=iphoneos*]" = "iPhone Developer";				);

				COPY_PHASE_STRIP = YES;				LIBRARY_SEARCH_PATHS = (

				ENABLE_NS_ASSERTIONS = NO;					"\"$(SDKROOT)/usr/lib/swift\"",

				ENABLE_STRICT_OBJC_MSGSEND = YES;					"\"$(TOOLCHAIN_DIR)/usr/lib/swift/$(PLATFORM_NAME)\"",

				"EXCLUDED_ARCHS[sdk=iphonesimulator*]" = "";					"\"$(inherited)\"",

				GCC_C_LANGUAGE_STANDARD = gnu99;				);

				GCC_NO_COMMON_BLOCKS = YES;				MTL_ENABLE_DEBUG_INFO = NO;

				GCC_WARN_64_TO_32_BIT_CONVERSION = YES;				OTHER_CPLUSPLUSFLAGS = (

				GCC_WARN_ABOUT_RETURN_TYPE = YES_ERROR;					"$(OTHER_CFLAGS)",

				GCC_WARN_UNDECLARED_SELECTOR = YES;					"-DFOLLY_NO_CONFIG",

				GCC_WARN_UNINITIALIZED_AUTOS = YES_AGGRESSIVE;					"-DFOLLY_MOBILE=1",

				GCC_WARN_UNUSED_FUNCTION = YES;					"-DFOLLY_USE_LIBCPP=1",

				GCC_WARN_UNUSED_VARIABLE = YES;					"-DFOLLY_CFG_NO_COROUTINES=1",

				IPHONEOS_DEPLOYMENT_TARGET = 13.4;					"-DFOLLY_HAVE_CLOCK_GETTIME=1",

				LD_RUNPATH_SEARCH_PATHS = (				);

					/usr/lib/swift,				SDKROOT = iphoneos;

					"$(inherited)",				VALIDATE_PRODUCT = YES;

				);			};

				LIBRARY_SEARCH_PATHS = (			name = Release;

					"\"$(SDKROOT)/usr/lib/swift\"",		};

					"\"$(TOOLCHAIN_DIR)/usr/lib/swift/$(PLATFORM_NAME)\"",/* End XCBuildConfiguration section */

					"\"$(inherited)\"",

				);/* Begin XCConfigurationList section */

				MTL_ENABLE_DEBUG_INFO = NO;		13B07F931A680F5B00A75B9A /* Build configuration list for PBXNativeTarget "EduConnect" */ = {

				OTHER_CPLUSPLUSFLAGS = (			isa = XCConfigurationList;

					"$(OTHER_CFLAGS)",			buildConfigurations = (

					"-DFOLLY_NO_CONFIG",				13B07F941A680F5B00A75B9A /* Debug */,

					"-DFOLLY_MOBILE=1",				13B07F951A680F5B00A75B9A /* Release */,

					"-DFOLLY_USE_LIBCPP=1",			);

					"-DFOLLY_CFG_NO_COROUTINES=1",			defaultConfigurationIsVisible = 0;

					"-DFOLLY_HAVE_CLOCK_GETTIME=1",			defaultConfigurationName = Release;

				);		};

				SDKROOT = iphoneos;		83CBB9FA1A601CBA00E9B192 /* Build configuration list for PBXProject "EduConnect" */ = {

				VALIDATE_PRODUCT = YES;			isa = XCConfigurationList;

			};			buildConfigurations = (

			name = Release;				83CBBA201A601CBA00E9B192 /* Debug */,

		};				83CBBA211A601CBA00E9B192 /* Release */,

/* End XCBuildConfiguration section */			);

			defaultConfigurationIsVisible = 0;

/* Begin XCConfigurationList section */			defaultConfigurationName = Release;

		00E357021AD99517003FC87E /* Build configuration list for PBXNativeTarget "EduConnectTests" */ = {		};

			isa = XCConfigurationList;/* End XCConfigurationList section */

			buildConfigurations = (	};

				00E356F61AD99517003FC87E /* Debug */,	rootObject = 83CBB9F71A601CBA00E9B192 /* Project object */;

				00E356F71AD99517003FC87E /* Release */,}

			);
			defaultConfigurationIsVisible = 0;
			defaultConfigurationName = Release;
		};
		13B07F931A680F5B00A75B9A /* Build configuration list for PBXNativeTarget "EduConnect" */ = {
			isa = XCConfigurationList;
			buildConfigurations = (
				13B07F941A680F5B00A75B9A /* Debug */,
				13B07F951A680F5B00A75B9A /* Release */,
			);
			defaultConfigurationIsVisible = 0;
			defaultConfigurationName = Release;
		};
		83CBB9FA1A601CBA00E9B192 /* Build configuration list for PBXProject "EduConnect" */ = {
			isa = XCConfigurationList;
			buildConfigurations = (
				83CBBA201A601CBA00E9B192 /* Debug */,
				83CBBA211A601CBA00E9B192 /* Release */,
			);
			defaultConfigurationIsVisible = 0;
			defaultConfigurationName = Release;
		};
/* End XCConfigurationList section */
	};
	rootObject = 83CBB9F71A601CBA00E9B192 /* Project object */;
}